
Microsoft Visual Studio Solution File, Format Version 12.00
# Visual Studio Version 16
VisualStudioVersion = 16.0.31205.134
MinimumVisualStudioVersion = 10.0.40219.1
Project("{9A19103F-16F7-4668-BE54-9A1E7A4F7556}") = "Shengtai.IdentityServer4", "Shengtai.IdentityServer4\Shengtai.IdentityServer4.csproj", "{111BFBEB-2C1B-4EAB-B174-1154F6185949}"
EndProject
Global
	GlobalSection(SolutionConfigurationPlatforms) = preSolution
		Debug|Any CPU = Debug|Any CPU
		Release|Any CPU = Release|Any CPU
	EndGlobalSection
	GlobalSection(ProjectConfigurationPlatforms) = postSolution
		{111BFBEB-2C1B-4EAB-B174-1154F6185949}.Debug|Any CPU.ActiveCfg = Debug|Any CPU
		{111BFBEB-2C1B-4EAB-B174-1154F6185949}.Debug|Any CPU.Build.0 = Debug|Any CPU
		{111BFBEB-2C1B-4EAB-B174-1154F6185949}.Release|Any CPU.ActiveCfg = Release|Any CPU
		{111BFBEB-2C1B-4EAB-B174-1154F6185949}.Release|Any CPU.Build.0 = Release|Any CPU
	EndGlobalSection
	GlobalSection(SolutionProperties) = preSolution
		HideSolutionNode = FALSE
	EndGlobalSection
	GlobalSection(ExtensibilityGlobals) = postSolution
		SolutionGuid = {4B49D9EF-849A-4039-A7EB-B612E00E8410}
	EndGlobalSection
EndGlobal
