
Microsoft Visual Studio Solution File, Format Version 12.00
# Visual Studio Version 16
VisualStudioVersion = 16.0.31205.134
MinimumVisualStudioVersion = 10.0.40219.1
Project("{9A19103F-16F7-4668-BE54-9A1E7A4F7556}") = "Shengtai.IdentityServer.Data", "Shengtai.IdentityServer.Data\Shengtai.IdentityServer.Data.csproj", "{6AA97D6A-6CB9-4563-A628-53CB8167F280}"
EndProject
Global
	GlobalSection(SolutionConfigurationPlatforms) = preSolution
		Debug|Any CPU = Debug|Any CPU
		Release|Any CPU = Release|Any CPU
	EndGlobalSection
	GlobalSection(ProjectConfigurationPlatforms) = postSolution
		{6AA97D6A-6CB9-4563-A628-53CB8167F280}.Debug|Any CPU.ActiveCfg = Debug|Any CPU
		{6AA97D6A-6CB9-4563-A628-53CB8167F280}.Debug|Any CPU.Build.0 = Debug|Any CPU
		{6AA97D6A-6CB9-4563-A628-53CB8167F280}.Release|Any CPU.ActiveCfg = Release|Any CPU
		{6AA97D6A-6CB9-4563-A628-53CB8167F280}.Release|Any CPU.Build.0 = Release|Any CPU
	EndGlobalSection
	GlobalSection(SolutionProperties) = preSolution
		HideSolutionNode = FALSE
	EndGlobalSection
	GlobalSection(ExtensibilityGlobals) = postSolution
		SolutionGuid = {D3F792CF-05C8-451A-A7C0-1066C2A96FEF}
	EndGlobalSection
EndGlobal
