
Microsoft Visual Studio Solution File, Format Version 12.00
# Visual Studio Version 16
VisualStudioVersion = 16.0.31205.134
MinimumVisualStudioVersion = 10.0.40219.1
Project("{9A19103F-16F7-4668-BE54-9A1E7A4F7556}") = "Shengtai.WebApplication", "Shengtai.WebApplication\Shengtai.WebApplication.csproj", "{9E2FF822-C574-4215-ADBF-7C513790BFBD}"
EndProject
Project("{9A19103F-16F7-4668-BE54-9A1E7A4F7556}") = "Shengtai.Core", "Shengtai.Core\Shengtai.Core.csproj", "{B73DB987-46C7-4CDA-8EEE-24EFFCA2908F}"
EndProject
Project("{9A19103F-16F7-4668-BE54-9A1E7A4F7556}") = "WebApplication1", "WebApplication1\WebApplication1.csproj", "{0B252F9E-153E-4921-9353-C40BD3026B9D}"
EndProject
Project("{9A19103F-16F7-4668-BE54-9A1E7A4F7556}") = "Shengtai.IdentityServer.Builder", "Shengtai.IdentityServer.Builder\Shengtai.IdentityServer.Builder.csproj", "{05A14782-E317-4E6B-A56D-F1D4C5D314A6}"
EndProject
Project("{9A19103F-16F7-4668-BE54-9A1E7A4F7556}") = "Shengtai.IdentityServer.Razor", "Shengtai.IdentityServer.Razor\Shengtai.IdentityServer.Razor.csproj", "{808593D1-B654-4BB6-A82E-D5ACF125824C}"
EndProject
Project("{9A19103F-16F7-4668-BE54-9A1E7A4F7556}") = "Shengtai.IdentityServer", "Shengtai.IdentityServer\Shengtai.IdentityServer.csproj", "{75D2B190-77B8-4305-905B-AD19A57D324D}"
EndProject
Project("{9A19103F-16F7-4668-BE54-9A1E7A4F7556}") = "WebApplication2", "WebApplication2\WebApplication2.csproj", "{54DDD4DB-B4E3-4894-9D88-7D0F0EEFA1F8}"
EndProject
Project("{2150E333-8FDC-42A3-9474-1A3956D46DE8}") = "Solution Items", "Solution Items", "{FBF701C5-CAF8-468D-88D6-1F71DF24EFEF}"
	ProjectSection(SolutionItems) = preProject
		README.md = README.md
	EndProjectSection
EndProject
Project("{9A19103F-16F7-4668-BE54-9A1E7A4F7556}") = "Shengtai.IdentityServer.Data", "Shengtai.IdentityServer.Data\Shengtai.IdentityServer.Data.csproj", "{C68144A4-F403-4FCC-B6C8-F0516BC8DBB9}"
EndProject
Project("{FAE04EC0-301F-11D3-BF4B-00C04F79EFBC}") = "Shengtai.IdentityServer.Tests", "Shengtai.IdentityServer.Tests\Shengtai.IdentityServer.Tests.csproj", "{781FFCF3-C2A7-4563-B06A-92E95519CBCD}"
EndProject
Global
	GlobalSection(SolutionConfigurationPlatforms) = preSolution
		Debug|Any CPU = Debug|Any CPU
		Release|Any CPU = Release|Any CPU
	EndGlobalSection
	GlobalSection(ProjectConfigurationPlatforms) = postSolution
		{9E2FF822-C574-4215-ADBF-7C513790BFBD}.Debug|Any CPU.ActiveCfg = Debug|Any CPU
		{9E2FF822-C574-4215-ADBF-7C513790BFBD}.Debug|Any CPU.Build.0 = Debug|Any CPU
		{9E2FF822-C574-4215-ADBF-7C513790BFBD}.Release|Any CPU.ActiveCfg = Release|Any CPU
		{9E2FF822-C574-4215-ADBF-7C513790BFBD}.Release|Any CPU.Build.0 = Release|Any CPU
		{B73DB987-46C7-4CDA-8EEE-24EFFCA2908F}.Debug|Any CPU.ActiveCfg = Debug|Any CPU
		{B73DB987-46C7-4CDA-8EEE-24EFFCA2908F}.Debug|Any CPU.Build.0 = Debug|Any CPU
		{B73DB987-46C7-4CDA-8EEE-24EFFCA2908F}.Release|Any CPU.ActiveCfg = Release|Any CPU
		{B73DB987-46C7-4CDA-8EEE-24EFFCA2908F}.Release|Any CPU.Build.0 = Release|Any CPU
		{0B252F9E-153E-4921-9353-C40BD3026B9D}.Debug|Any CPU.ActiveCfg = Debug|Any CPU
		{0B252F9E-153E-4921-9353-C40BD3026B9D}.Debug|Any CPU.Build.0 = Debug|Any CPU
		{0B252F9E-153E-4921-9353-C40BD3026B9D}.Release|Any CPU.ActiveCfg = Release|Any CPU
		{0B252F9E-153E-4921-9353-C40BD3026B9D}.Release|Any CPU.Build.0 = Release|Any CPU
		{05A14782-E317-4E6B-A56D-F1D4C5D314A6}.Debug|Any CPU.ActiveCfg = Debug|Any CPU
		{05A14782-E317-4E6B-A56D-F1D4C5D314A6}.Debug|Any CPU.Build.0 = Debug|Any CPU
		{05A14782-E317-4E6B-A56D-F1D4C5D314A6}.Release|Any CPU.ActiveCfg = Release|Any CPU
		{05A14782-E317-4E6B-A56D-F1D4C5D314A6}.Release|Any CPU.Build.0 = Release|Any CPU
		{808593D1-B654-4BB6-A82E-D5ACF125824C}.Debug|Any CPU.ActiveCfg = Debug|Any CPU
		{808593D1-B654-4BB6-A82E-D5ACF125824C}.Debug|Any CPU.Build.0 = Debug|Any CPU
		{808593D1-B654-4BB6-A82E-D5ACF125824C}.Release|Any CPU.ActiveCfg = Release|Any CPU
		{808593D1-B654-4BB6-A82E-D5ACF125824C}.Release|Any CPU.Build.0 = Release|Any CPU
		{75D2B190-77B8-4305-905B-AD19A57D324D}.Debug|Any CPU.ActiveCfg = Debug|Any CPU
		{75D2B190-77B8-4305-905B-AD19A57D324D}.Debug|Any CPU.Build.0 = Debug|Any CPU
		{75D2B190-77B8-4305-905B-AD19A57D324D}.Release|Any CPU.ActiveCfg = Release|Any CPU
		{75D2B190-77B8-4305-905B-AD19A57D324D}.Release|Any CPU.Build.0 = Release|Any CPU
		{54DDD4DB-B4E3-4894-9D88-7D0F0EEFA1F8}.Debug|Any CPU.ActiveCfg = Debug|Any CPU
		{54DDD4DB-B4E3-4894-9D88-7D0F0EEFA1F8}.Debug|Any CPU.Build.0 = Debug|Any CPU
		{54DDD4DB-B4E3-4894-9D88-7D0F0EEFA1F8}.Release|Any CPU.ActiveCfg = Release|Any CPU
		{54DDD4DB-B4E3-4894-9D88-7D0F0EEFA1F8}.Release|Any CPU.Build.0 = Release|Any CPU
		{C68144A4-F403-4FCC-B6C8-F0516BC8DBB9}.Debug|Any CPU.ActiveCfg = Debug|Any CPU
		{C68144A4-F403-4FCC-B6C8-F0516BC8DBB9}.Debug|Any CPU.Build.0 = Debug|Any CPU
		{C68144A4-F403-4FCC-B6C8-F0516BC8DBB9}.Release|Any CPU.ActiveCfg = Release|Any CPU
		{C68144A4-F403-4FCC-B6C8-F0516BC8DBB9}.Release|Any CPU.Build.0 = Release|Any CPU
		{781FFCF3-C2A7-4563-B06A-92E95519CBCD}.Debug|Any CPU.ActiveCfg = Debug|Any CPU
		{781FFCF3-C2A7-4563-B06A-92E95519CBCD}.Debug|Any CPU.Build.0 = Debug|Any CPU
		{781FFCF3-C2A7-4563-B06A-92E95519CBCD}.Release|Any CPU.ActiveCfg = Release|Any CPU
		{781FFCF3-C2A7-4563-B06A-92E95519CBCD}.Release|Any CPU.Build.0 = Release|Any CPU
	EndGlobalSection
	GlobalSection(SolutionProperties) = preSolution
		HideSolutionNode = FALSE
	EndGlobalSection
	GlobalSection(ExtensibilityGlobals) = postSolution
		SolutionGuid = {B63B35A2-606A-40A2-8C78-3F8EA6031B0D}
	EndGlobalSection
EndGlobal
